
Microsoft Visual Studio Solution File, Format Version 12.00
# Visual Studio Version 17
VisualStudioVersion = 17.14.36301.6 d17.14
MinimumVisualStudioVersion = 10.0.40219.1
Project("{FAE04EC0-301F-11D3-BF4B-00C04F79EFBC}") = "Boilerplate.Api", "Boilerplate.Api.csproj", "{FED4857D-BB6E-431C-A1D8-DD77590521F8}"
EndProject
Project("{FAE04EC0-301F-11D3-BF4B-00C04F79EFBC}") = "Boilerplate.Application", "..\Boilerplate.Application\Boilerplate.Application.csproj", "{9313948A-B829-4D24-BBFE-AEA6B9977E3B}"
EndProject
Project("{FAE04EC0-301F-11D3-BF4B-00C04F79EFBC}") = "Boilerplate.Domain", "..\Boilerplate.Domain\Boilerplate.Domain.csproj", "{71815A86-E3DC-485B-A8B6-6CD5CF93AE8B}"
EndProject
Project("{FAE04EC0-301F-11D3-BF4B-00C04F79EFBC}") = "Boilerplate.Infra.Data", "..\Boilerplate.Infra.Data\Boilerplate.Infra.Data.csproj", "{6A535634-9B08-4C59-8727-2EB3C228660B}"
EndProject
Project("{FAE04EC0-301F-11D3-BF4B-00C04F79EFBC}") = "Boilerplate.Infra.IoC", "..\Boilerplate.Infra.IoC\Boilerplate.Infra.IoC.csproj", "{058BD5D2-7A8F-4C9E-BF43-75B362252373}"
EndProject
Project("{FAE04EC0-301F-11D3-BF4B-00C04F79EFBC}") = "Boilerplate.JobServer", "..\Boilerplate.JobServer\Boilerplate.JobServer.csproj", "{427CDF1B-0E9B-4654-9735-55EE2310A06E}"
EndProject
Global
	GlobalSection(SolutionConfigurationPlatforms) = preSolution
		Debug|Any CPU = Debug|Any CPU
		Release|Any CPU = Release|Any CPU
	EndGlobalSection
	GlobalSection(ProjectConfigurationPlatforms) = postSolution
		{FED4857D-BB6E-431C-A1D8-DD77590521F8}.Debug|Any CPU.ActiveCfg = Debug|Any CPU
		{FED4857D-BB6E-431C-A1D8-DD77590521F8}.Debug|Any CPU.Build.0 = Debug|Any CPU
		{FED4857D-BB6E-431C-A1D8-DD77590521F8}.Release|Any CPU.ActiveCfg = Release|Any CPU
		{FED4857D-BB6E-431C-A1D8-DD77590521F8}.Release|Any CPU.Build.0 = Release|Any CPU
		{9313948A-B829-4D24-BBFE-AEA6B9977E3B}.Debug|Any CPU.ActiveCfg = Debug|Any CPU
		{9313948A-B829-4D24-BBFE-AEA6B9977E3B}.Debug|Any CPU.Build.0 = Debug|Any CPU
		{9313948A-B829-4D24-BBFE-AEA6B9977E3B}.Release|Any CPU.ActiveCfg = Release|Any CPU
		{9313948A-B829-4D24-BBFE-AEA6B9977E3B}.Release|Any CPU.Build.0 = Release|Any CPU
		{71815A86-E3DC-485B-A8B6-6CD5CF93AE8B}.Debug|Any CPU.ActiveCfg = Debug|Any CPU
		{71815A86-E3DC-485B-A8B6-6CD5CF93AE8B}.Debug|Any CPU.Build.0 = Debug|Any CPU
		{71815A86-E3DC-485B-A8B6-6CD5CF93AE8B}.Release|Any CPU.ActiveCfg = Release|Any CPU
		{71815A86-E3DC-485B-A8B6-6CD5CF93AE8B}.Release|Any CPU.Build.0 = Release|Any CPU
		{6A535634-9B08-4C59-8727-2EB3C228660B}.Debug|Any CPU.ActiveCfg = Debug|Any CPU
		{6A535634-9B08-4C59-8727-2EB3C228660B}.Debug|Any CPU.Build.0 = Debug|Any CPU
		{6A535634-9B08-4C59-8727-2EB3C228660B}.Release|Any CPU.ActiveCfg = Release|Any CPU
		{6A535634-9B08-4C59-8727-2EB3C228660B}.Release|Any CPU.Build.0 = Release|Any CPU
		{058BD5D2-7A8F-4C9E-BF43-75B362252373}.Debug|Any CPU.ActiveCfg = Debug|Any CPU
		{058BD5D2-7A8F-4C9E-BF43-75B362252373}.Debug|Any CPU.Build.0 = Debug|Any CPU
		{058BD5D2-7A8F-4C9E-BF43-75B362252373}.Release|Any CPU.ActiveCfg = Release|Any CPU
		{058BD5D2-7A8F-4C9E-BF43-75B362252373}.Release|Any CPU.Build.0 = Release|Any CPU
		{427CDF1B-0E9B-4654-9735-55EE2310A06E}.Debug|Any CPU.ActiveCfg = Debug|Any CPU
		{427CDF1B-0E9B-4654-9735-55EE2310A06E}.Debug|Any CPU.Build.0 = Debug|Any CPU
		{427CDF1B-0E9B-4654-9735-55EE2310A06E}.Release|Any CPU.ActiveCfg = Release|Any CPU
		{427CDF1B-0E9B-4654-9735-55EE2310A06E}.Release|Any CPU.Build.0 = Release|Any CPU
	EndGlobalSection
	GlobalSection(SolutionProperties) = preSolution
		HideSolutionNode = FALSE
	EndGlobalSection
	GlobalSection(ExtensibilityGlobals) = postSolution
		SolutionGuid = {A8DCE448-3451-4359-BFC5-288D0E0D8EBC}
	EndGlobalSection
EndGlobal
